// !$*UTF8*$!
{
	archiveVersion = 1;
	classes = {
	};
	objectVersion = 46;
	objects = {

/* Begin PBXBuildFile section */
		DA1B07FF1AF6CAF2004E4588 /* AppDelegate.swift in Sources */ = {isa = PBXBuildFile; fileRef = DA1B07FE1AF6CAF2004E4588 /* AppDelegate.swift */; };
		DA1B08011AF6CAF2004E4588 /* Images.xcassets in Resources */ = {isa = PBXBuildFile; fileRef = DA1B08001AF6CAF2004E4588 /* Images.xcassets */; };
		DA1B08041AF6CAF2004E4588 /* MainMenu.xib in Resources */ = {isa = PBXBuildFile; fileRef = DA1B08021AF6CAF2004E4588 /* MainMenu.xib */; };
		DA1B081B1AF6CB99004E4588 /* SphericalCoords.swift in Sources */ = {isa = PBXBuildFile; fileRef = DA1B081A1AF6CB99004E4588 /* SphericalCoords.swift */; };
		DA1B081C1AF6CB99004E4588 /* SphericalCoords.swift in Sources */ = {isa = PBXBuildFile; fileRef = DA1B081A1AF6CB99004E4588 /* SphericalCoords.swift */; };
		DA1B081E1AF6CE92004E4588 /* SphericalCoordsTests.swift in Sources */ = {isa = PBXBuildFile; fileRef = DA1B081D1AF6CE92004E4588 /* SphericalCoordsTests.swift */; };
		DA1B08201AF6CFDB004E4588 /* RectangularCoords.swift in Sources */ = {isa = PBXBuildFile; fileRef = DA1B081F1AF6CFDB004E4588 /* RectangularCoords.swift */; };
		DA1B08211AF6CFDB004E4588 /* RectangularCoords.swift in Sources */ = {isa = PBXBuildFile; fileRef = DA1B081F1AF6CFDB004E4588 /* RectangularCoords.swift */; };
		DA1B08231AF6D337004E4588 /* math_utilities.swift in Sources */ = {isa = PBXBuildFile; fileRef = DA1B08221AF6D337004E4588 /* math_utilities.swift */; };
		DA1B08241AF6D337004E4588 /* math_utilities.swift in Sources */ = {isa = PBXBuildFile; fileRef = DA1B08221AF6D337004E4588 /* math_utilities.swift */; };
		DA1B08271AF6D7E2004E4588 /* UtilitiesTests.swift in Sources */ = {isa = PBXBuildFile; fileRef = DA1B08251AF6D3CF004E4588 /* UtilitiesTests.swift */; };
		DA1B08291AF6DEB3004E4588 /* RectangularCoordsTests.swift in Sources */ = {isa = PBXBuildFile; fileRef = DA1B08281AF6DEB3004E4588 /* RectangularCoordsTests.swift */; };
		DA1B082B1AF6E3A0004E4588 /* AstroFunctions.swift in Sources */ = {isa = PBXBuildFile; fileRef = DA1B082A1AF6E3A0004E4588 /* AstroFunctions.swift */; };
		DA1B082C1AF6E3A0004E4588 /* AstroFunctions.swift in Sources */ = {isa = PBXBuildFile; fileRef = DA1B082A1AF6E3A0004E4588 /* AstroFunctions.swift */; };
		DA1B082E1AF6E4EE004E4588 /* AstroFunctionsTests.swift in Sources */ = {isa = PBXBuildFile; fileRef = DA1B082D1AF6E4EE004E4588 /* AstroFunctionsTests.swift */; };
		DA1B08301AF6F048004E4588 /* Planet.swift in Sources */ = {isa = PBXBuildFile; fileRef = DA1B082F1AF6F048004E4588 /* Planet.swift */; };
		DA1B08311AF6F048004E4588 /* Planet.swift in Sources */ = {isa = PBXBuildFile; fileRef = DA1B082F1AF6F048004E4588 /* Planet.swift */; };
		DA1B08331AF6F18A004E4588 /* OrbitalElements.swift in Sources */ = {isa = PBXBuildFile; fileRef = DA1B08321AF6F18A004E4588 /* OrbitalElements.swift */; };
		DA1B08341AF6F18A004E4588 /* OrbitalElements.swift in Sources */ = {isa = PBXBuildFile; fileRef = DA1B08321AF6F18A004E4588 /* OrbitalElements.swift */; };
		DA1B08391AF6F4AD004E4588 /* OrbitalElementsTests.swift in Sources */ = {isa = PBXBuildFile; fileRef = DA1B08381AF6F4AD004E4588 /* OrbitalElementsTests.swift */; };
		DA1B083B1AF70121004E4588 /* date_utilities.swift in Sources */ = {isa = PBXBuildFile; fileRef = DA1B083A1AF70121004E4588 /* date_utilities.swift */; };
		DA1B083C1AF70121004E4588 /* date_utilities.swift in Sources */ = {isa = PBXBuildFile; fileRef = DA1B083A1AF70121004E4588 /* date_utilities.swift */; };
		DA1B083E1AF701FB004E4588 /* JulianDate.swift in Sources */ = {isa = PBXBuildFile; fileRef = DA1B083D1AF701FB004E4588 /* JulianDate.swift */; };
		DA1B083F1AF701FB004E4588 /* JulianDate.swift in Sources */ = {isa = PBXBuildFile; fileRef = DA1B083D1AF701FB004E4588 /* JulianDate.swift */; };
		DA1B08411AF703F9004E4588 /* JulianDateTests.swift in Sources */ = {isa = PBXBuildFile; fileRef = DA1B08401AF703F9004E4588 /* JulianDateTests.swift */; };
		DA1B0A091AFC323F004E4588 /* PointOrbitalElements.swift in Sources */ = {isa = PBXBuildFile; fileRef = DA1B0A081AFC323F004E4588 /* PointOrbitalElements.swift */; };
		DA1B0A0A1AFC323F004E4588 /* PointOrbitalElements.swift in Sources */ = {isa = PBXBuildFile; fileRef = DA1B0A081AFC323F004E4588 /* PointOrbitalElements.swift */; };
		DA1B0A0C1AFC3295004E4588 /* DeltaOrbitalElements.swift in Sources */ = {isa = PBXBuildFile; fileRef = DA1B0A0B1AFC3295004E4588 /* DeltaOrbitalElements.swift */; };
		DA1B0A0D1AFC3295004E4588 /* DeltaOrbitalElements.swift in Sources */ = {isa = PBXBuildFile; fileRef = DA1B0A0B1AFC3295004E4588 /* DeltaOrbitalElements.swift */; };
		DA1B0A0F1AFC32FF004E4588 /* J2000EpochElements.swift in Sources */ = {isa = PBXBuildFile; fileRef = DA1B0A0E1AFC32FF004E4588 /* J2000EpochElements.swift */; };
		DA1B0A101AFC32FF004E4588 /* J2000EpochElements.swift in Sources */ = {isa = PBXBuildFile; fileRef = DA1B0A0E1AFC32FF004E4588 /* J2000EpochElements.swift */; };
		DA1B0A121AFC38FC004E4588 /* J2000CenturyElements.swift in Sources */ = {isa = PBXBuildFile; fileRef = DA1B0A111AFC38FC004E4588 /* J2000CenturyElements.swift */; };
		DA1B0A131AFC38FC004E4588 /* J2000CenturyElements.swift in Sources */ = {isa = PBXBuildFile; fileRef = DA1B0A111AFC38FC004E4588 /* J2000CenturyElements.swift */; };
		DA1B0A151AFC3BA3004E4588 /* J2000DateElements.swift in Sources */ = {isa = PBXBuildFile; fileRef = DA1B0A141AFC3BA3004E4588 /* J2000DateElements.swift */; };
		DA1B0A161AFC3BA3004E4588 /* J2000DateElements.swift in Sources */ = {isa = PBXBuildFile; fileRef = DA1B0A141AFC3BA3004E4588 /* J2000DateElements.swift */; };
		DA1B0A181AFC3C78004E4588 /* DateOrbitalElements.swift in Sources */ = {isa = PBXBuildFile; fileRef = DA1B0A171AFC3C78004E4588 /* DateOrbitalElements.swift */; };
		DA1B0A191AFC3C78004E4588 /* DateOrbitalElements.swift in Sources */ = {isa = PBXBuildFile; fileRef = DA1B0A171AFC3C78004E4588 /* DateOrbitalElements.swift */; };
/* End PBXBuildFile section */

/* Begin PBXContainerItemProxy section */
		DA1B080A1AF6CAF2004E4588 /* PBXContainerItemProxy */ = {
			isa = PBXContainerItemProxy;
			containerPortal = DA1B07F11AF6CAF2004E4588 /* Project object */;
			proxyType = 1;
			remoteGlobalIDString = DA1B07F81AF6CAF2004E4588;
			remoteInfo = MacAstro;
		};
/* End PBXContainerItemProxy section */

/* Begin PBXFileReference section */
		DA1B07F91AF6CAF2004E4588 /* MacAstro.app */ = {isa = PBXFileReference; explicitFileType = wrapper.application; includeInIndex = 0; path = MacAstro.app; sourceTree = BUILT_PRODUCTS_DIR; };
		DA1B07FD1AF6CAF2004E4588 /* Info.plist */ = {isa = PBXFileReference; lastKnownFileType = text.plist.xml; path = Info.plist; sourceTree = "<group>"; };
		DA1B07FE1AF6CAF2004E4588 /* AppDelegate.swift */ = {isa = PBXFileReference; lastKnownFileType = sourcecode.swift; path = AppDelegate.swift; sourceTree = "<group>"; };
		DA1B08001AF6CAF2004E4588 /* Images.xcassets */ = {isa = PBXFileReference; lastKnownFileType = folder.assetcatalog; path = Images.xcassets; sourceTree = "<group>"; };
		DA1B08031AF6CAF2004E4588 /* Base */ = {isa = PBXFileReference; lastKnownFileType = file.xib; name = Base; path = Base.lproj/MainMenu.xib; sourceTree = "<group>"; };
		DA1B08091AF6CAF2004E4588 /* MacAstroTests.xctest */ = {isa = PBXFileReference; explicitFileType = wrapper.cfbundle; includeInIndex = 0; path = MacAstroTests.xctest; sourceTree = BUILT_PRODUCTS_DIR; };
		DA1B080E1AF6CAF2004E4588 /* Info.plist */ = {isa = PBXFileReference; lastKnownFileType = text.plist.xml; path = Info.plist; sourceTree = "<group>"; };
		DA1B081A1AF6CB99004E4588 /* SphericalCoords.swift */ = {isa = PBXFileReference; fileEncoding = 4; lastKnownFileType = sourcecode.swift; path = SphericalCoords.swift; sourceTree = "<group>"; };
		DA1B081D1AF6CE92004E4588 /* SphericalCoordsTests.swift */ = {isa = PBXFileReference; fileEncoding = 4; lastKnownFileType = sourcecode.swift; path = SphericalCoordsTests.swift; sourceTree = "<group>"; };
		DA1B081F1AF6CFDB004E4588 /* RectangularCoords.swift */ = {isa = PBXFileReference; fileEncoding = 4; lastKnownFileType = sourcecode.swift; path = RectangularCoords.swift; sourceTree = "<group>"; };
		DA1B08221AF6D337004E4588 /* math_utilities.swift */ = {isa = PBXFileReference; fileEncoding = 4; lastKnownFileType = sourcecode.swift; path = math_utilities.swift; sourceTree = "<group>"; };
		DA1B08251AF6D3CF004E4588 /* UtilitiesTests.swift */ = {isa = PBXFileReference; fileEncoding = 4; lastKnownFileType = sourcecode.swift; path = UtilitiesTests.swift; sourceTree = "<group>"; };
		DA1B08281AF6DEB3004E4588 /* RectangularCoordsTests.swift */ = {isa = PBXFileReference; fileEncoding = 4; lastKnownFileType = sourcecode.swift; path = RectangularCoordsTests.swift; sourceTree = "<group>"; };
		DA1B082A1AF6E3A0004E4588 /* AstroFunctions.swift */ = {isa = PBXFileReference; fileEncoding = 4; lastKnownFileType = sourcecode.swift; path = AstroFunctions.swift; sourceTree = "<group>"; };
		DA1B082D1AF6E4EE004E4588 /* AstroFunctionsTests.swift */ = {isa = PBXFileReference; fileEncoding = 4; lastKnownFileType = sourcecode.swift; path = AstroFunctionsTests.swift; sourceTree = "<group>"; };
		DA1B082F1AF6F048004E4588 /* Planet.swift */ = {isa = PBXFileReference; fileEncoding = 4; lastKnownFileType = sourcecode.swift; path = Planet.swift; sourceTree = "<group>"; };
		DA1B08321AF6F18A004E4588 /* OrbitalElements.swift */ = {isa = PBXFileReference; fileEncoding = 4; lastKnownFileType = sourcecode.swift; path = OrbitalElements.swift; sourceTree = "<group>"; };
		DA1B08381AF6F4AD004E4588 /* OrbitalElementsTests.swift */ = {isa = PBXFileReference; fileEncoding = 4; lastKnownFileType = sourcecode.swift; path = OrbitalElementsTests.swift; sourceTree = "<group>"; };
		DA1B083A1AF70121004E4588 /* date_utilities.swift */ = {isa = PBXFileReference; fileEncoding = 4; lastKnownFileType = sourcecode.swift; path = date_utilities.swift; sourceTree = "<group>"; };
		DA1B083D1AF701FB004E4588 /* JulianDate.swift */ = {isa = PBXFileReference; fileEncoding = 4; lastKnownFileType = sourcecode.swift; path = JulianDate.swift; sourceTree = "<group>"; };
		DA1B08401AF703F9004E4588 /* JulianDateTests.swift */ = {isa = PBXFileReference; fileEncoding = 4; lastKnownFileType = sourcecode.swift; path = JulianDateTests.swift; sourceTree = "<group>"; };
		DA1B0A081AFC323F004E4588 /* PointOrbitalElements.swift */ = {isa = PBXFileReference; fileEncoding = 4; lastKnownFileType = sourcecode.swift; path = PointOrbitalElements.swift; sourceTree = "<group>"; };
		DA1B0A0B1AFC3295004E4588 /* DeltaOrbitalElements.swift */ = {isa = PBXFileReference; fileEncoding = 4; lastKnownFileType = sourcecode.swift; path = DeltaOrbitalElements.swift; sourceTree = "<group>"; };
		DA1B0A0E1AFC32FF004E4588 /* J2000EpochElements.swift */ = {isa = PBXFileReference; fileEncoding = 4; lastKnownFileType = sourcecode.swift; path = J2000EpochElements.swift; sourceTree = "<group>"; };
		DA1B0A111AFC38FC004E4588 /* J2000CenturyElements.swift */ = {isa = PBXFileReference; fileEncoding = 4; lastKnownFileType = sourcecode.swift; path = J2000CenturyElements.swift; sourceTree = "<group>"; };
		DA1B0A141AFC3BA3004E4588 /* J2000DateElements.swift */ = {isa = PBXFileReference; fileEncoding = 4; lastKnownFileType = sourcecode.swift; path = J2000DateElements.swift; sourceTree = "<group>"; };
		DA1B0A171AFC3C78004E4588 /* DateOrbitalElements.swift */ = {isa = PBXFileReference; fileEncoding = 4; lastKnownFileType = sourcecode.swift; path = DateOrbitalElements.swift; sourceTree = "<group>"; };
/* End PBXFileReference section */

/* Begin PBXFrameworksBuildPhase section */
		DA1B07F61AF6CAF2004E4588 /* Frameworks */ = {
			isa = PBXFrameworksBuildPhase;
			buildActionMask = 2147483647;
			files = (
			);
			runOnlyForDeploymentPostprocessing = 0;
		};
		DA1B08061AF6CAF2004E4588 /* Frameworks */ = {
			isa = PBXFrameworksBuildPhase;
			buildActionMask = 2147483647;
			files = (
			);
			runOnlyForDeploymentPostprocessing = 0;
		};
/* End PBXFrameworksBuildPhase section */

/* Begin PBXGroup section */
		DA1B07F01AF6CAF2004E4588 = {
			isa = PBXGroup;
			children = (
				DA1B07FB1AF6CAF2004E4588 /* MacAstro */,
				DA1B080C1AF6CAF2004E4588 /* MacAstroTests */,
				DA1B07FA1AF6CAF2004E4588 /* Products */,
			);
			sourceTree = "<group>";
		};
		DA1B07FA1AF6CAF2004E4588 /* Products */ = {
			isa = PBXGroup;
			children = (
				DA1B07F91AF6CAF2004E4588 /* MacAstro.app */,
				DA1B08091AF6CAF2004E4588 /* MacAstroTests.xctest */,
			);
			name = Products;
			sourceTree = "<group>";
		};
		DA1B07FB1AF6CAF2004E4588 /* MacAstro */ = {
			isa = PBXGroup;
			children = (
				DA1B0A1A1AFC3E4B004E4588 /* OrbitalElements */,
				DA1B08191AF6CB1E004E4588 /* Astro */,
				DA1B07FE1AF6CAF2004E4588 /* AppDelegate.swift */,
				DA1B08001AF6CAF2004E4588 /* Images.xcassets */,
				DA1B08021AF6CAF2004E4588 /* MainMenu.xib */,
				DA1B07FC1AF6CAF2004E4588 /* Supporting Files */,
			);
			path = MacAstro;
			sourceTree = "<group>";
		};
		DA1B07FC1AF6CAF2004E4588 /* Supporting Files */ = {
			isa = PBXGroup;
			children = (
				DA1B07FD1AF6CAF2004E4588 /* Info.plist */,
			);
			name = "Supporting Files";
			sourceTree = "<group>";
		};
		DA1B080C1AF6CAF2004E4588 /* MacAstroTests */ = {
			isa = PBXGroup;
			children = (
				DA1B08401AF703F9004E4588 /* JulianDateTests.swift */,
				DA1B08381AF6F4AD004E4588 /* OrbitalElementsTests.swift */,
				DA1B082D1AF6E4EE004E4588 /* AstroFunctionsTests.swift */,
				DA1B08281AF6DEB3004E4588 /* RectangularCoordsTests.swift */,
				DA1B08251AF6D3CF004E4588 /* UtilitiesTests.swift */,
				DA1B081D1AF6CE92004E4588 /* SphericalCoordsTests.swift */,
				DA1B080D1AF6CAF2004E4588 /* Supporting Files */,
			);
			path = MacAstroTests;
			sourceTree = "<group>";
		};
		DA1B080D1AF6CAF2004E4588 /* Supporting Files */ = {
			isa = PBXGroup;
			children = (
				DA1B080E1AF6CAF2004E4588 /* Info.plist */,
			);
			name = "Supporting Files";
			sourceTree = "<group>";
		};
		DA1B08191AF6CB1E004E4588 /* Astro */ = {
			isa = PBXGroup;
			children = (
				DA1B081A1AF6CB99004E4588 /* SphericalCoords.swift */,
				DA1B081F1AF6CFDB004E4588 /* RectangularCoords.swift */,
				DA1B08221AF6D337004E4588 /* math_utilities.swift */,
				DA1B082A1AF6E3A0004E4588 /* AstroFunctions.swift */,
				DA1B082F1AF6F048004E4588 /* Planet.swift */,
				DA1B083A1AF70121004E4588 /* date_utilities.swift */,
				DA1B083D1AF701FB004E4588 /* JulianDate.swift */,
			);
			name = Astro;
			sourceTree = "<group>";
		};
		DA1B0A1A1AFC3E4B004E4588 /* OrbitalElements */ = {
			isa = PBXGroup;
			children = (
				DA1B0A081AFC323F004E4588 /* PointOrbitalElements.swift */,
				DA1B0A0B1AFC3295004E4588 /* DeltaOrbitalElements.swift */,
				DA1B0A0E1AFC32FF004E4588 /* J2000EpochElements.swift */,
				DA1B0A111AFC38FC004E4588 /* J2000CenturyElements.swift */,
				DA1B0A141AFC3BA3004E4588 /* J2000DateElements.swift */,
				DA1B08321AF6F18A004E4588 /* OrbitalElements.swift */,
				DA1B0A171AFC3C78004E4588 /* DateOrbitalElements.swift */,
			);
			name = OrbitalElements;
			sourceTree = "<group>";
		};
/* End PBXGroup section */

/* Begin PBXNativeTarget section */
		DA1B07F81AF6CAF2004E4588 /* MacAstro */ = {
			isa = PBXNativeTarget;
			buildConfigurationList = DA1B08131AF6CAF2004E4588 /* Build configuration list for PBXNativeTarget "MacAstro" */;
			buildPhases = (
				DA1B07F51AF6CAF2004E4588 /* Sources */,
				DA1B07F61AF6CAF2004E4588 /* Frameworks */,
				DA1B07F71AF6CAF2004E4588 /* Resources */,
			);
			buildRules = (
			);
			dependencies = (
			);
			name = MacAstro;
			productName = MacAstro;
			productReference = DA1B07F91AF6CAF2004E4588 /* MacAstro.app */;
			productType = "com.apple.product-type.application";
		};
		DA1B08081AF6CAF2004E4588 /* MacAstroTests */ = {
			isa = PBXNativeTarget;
			buildConfigurationList = DA1B08161AF6CAF2004E4588 /* Build configuration list for PBXNativeTarget "MacAstroTests" */;
			buildPhases = (
				DA1B08051AF6CAF2004E4588 /* Sources */,
				DA1B08061AF6CAF2004E4588 /* Frameworks */,
				DA1B08071AF6CAF2004E4588 /* Resources */,
			);
			buildRules = (
			);
			dependencies = (
				DA1B080B1AF6CAF2004E4588 /* PBXTargetDependency */,
			);
			name = MacAstroTests;
			productName = MacAstroTests;
			productReference = DA1B08091AF6CAF2004E4588 /* MacAstroTests.xctest */;
			productType = "com.apple.product-type.bundle.unit-test";
		};
/* End PBXNativeTarget section */

/* Begin PBXProject section */
		DA1B07F11AF6CAF2004E4588 /* Project object */ = {
			isa = PBXProject;
			attributes = {
				LastUpgradeCheck = 0630;
				ORGANIZATIONNAME = "Paul Griffiths";
				TargetAttributes = {
					DA1B07F81AF6CAF2004E4588 = {
						CreatedOnToolsVersion = 6.3.1;
					};
					DA1B08081AF6CAF2004E4588 = {
						CreatedOnToolsVersion = 6.3.1;
						TestTargetID = DA1B07F81AF6CAF2004E4588;
					};
				};
			};
			buildConfigurationList = DA1B07F41AF6CAF2004E4588 /* Build configuration list for PBXProject "MacAstro" */;
			compatibilityVersion = "Xcode 3.2";
			developmentRegion = English;
			hasScannedForEncodings = 0;
			knownRegions = (
				en,
				Base,
			);
			mainGroup = DA1B07F01AF6CAF2004E4588;
			productRefGroup = DA1B07FA1AF6CAF2004E4588 /* Products */;
			projectDirPath = "";
			projectRoot = "";
			targets = (
				DA1B07F81AF6CAF2004E4588 /* MacAstro */,
				DA1B08081AF6CAF2004E4588 /* MacAstroTests */,
			);
		};
/* End PBXProject section */

/* Begin PBXResourcesBuildPhase section */
		DA1B07F71AF6CAF2004E4588 /* Resources */ = {
			isa = PBXResourcesBuildPhase;
			buildActionMask = 2147483647;
			files = (
				DA1B08011AF6CAF2004E4588 /* Images.xcassets in Resources */,
				DA1B08041AF6CAF2004E4588 /* MainMenu.xib in Resources */,
			);
			runOnlyForDeploymentPostprocessing = 0;
		};
		DA1B08071AF6CAF2004E4588 /* Resources */ = {
			isa = PBXResourcesBuildPhase;
			buildActionMask = 2147483647;
			files = (
			);
			runOnlyForDeploymentPostprocessing = 0;
		};
/* End PBXResourcesBuildPhase section */

/* Begin PBXSourcesBuildPhase section */
		DA1B07F51AF6CAF2004E4588 /* Sources */ = {
			isa = PBXSourcesBuildPhase;
			buildActionMask = 2147483647;
			files = (
				DA1B083B1AF70121004E4588 /* date_utilities.swift in Sources */,
				DA1B0A0C1AFC3295004E4588 /* DeltaOrbitalElements.swift in Sources */,
				DA1B08201AF6CFDB004E4588 /* RectangularCoords.swift in Sources */,
				DA1B0A0F1AFC32FF004E4588 /* J2000EpochElements.swift in Sources */,
				DA1B08331AF6F18A004E4588 /* OrbitalElements.swift in Sources */,
				DA1B0A121AFC38FC004E4588 /* J2000CenturyElements.swift in Sources */,
				DA1B07FF1AF6CAF2004E4588 /* AppDelegate.swift in Sources */,
				DA1B083E1AF701FB004E4588 /* JulianDate.swift in Sources */,
				DA1B0A091AFC323F004E4588 /* PointOrbitalElements.swift in Sources */,
				DA1B08231AF6D337004E4588 /* math_utilities.swift in Sources */,
				DA1B08301AF6F048004E4588 /* Planet.swift in Sources */,
				DA1B0A151AFC3BA3004E4588 /* J2000DateElements.swift in Sources */,
				DA1B0A181AFC3C78004E4588 /* DateOrbitalElements.swift in Sources */,
				DA1B082B1AF6E3A0004E4588 /* AstroFunctions.swift in Sources */,
				DA1B081B1AF6CB99004E4588 /* SphericalCoords.swift in Sources */,
			);
			runOnlyForDeploymentPostprocessing = 0;
		};
		DA1B08051AF6CAF2004E4588 /* Sources */ = {
			isa = PBXSourcesBuildPhase;
			buildActionMask = 2147483647;
			files = (
				DA1B0A0A1AFC323F004E4588 /* PointOrbitalElements.swift in Sources */,
				DA1B083C1AF70121004E4588 /* date_utilities.swift in Sources */,
				DA1B08291AF6DEB3004E4588 /* RectangularCoordsTests.swift in Sources */,
				DA1B082E1AF6E4EE004E4588 /* AstroFunctionsTests.swift in Sources */,
				DA1B08391AF6F4AD004E4588 /* OrbitalElementsTests.swift in Sources */,
				DA1B082C1AF6E3A0004E4588 /* AstroFunctions.swift in Sources */,
				DA1B0A161AFC3BA3004E4588 /* J2000DateElements.swift in Sources */,
				DA1B0A101AFC32FF004E4588 /* J2000EpochElements.swift in Sources */,
				DA1B083F1AF701FB004E4588 /* JulianDate.swift in Sources */,
				DA1B08311AF6F048004E4588 /* Planet.swift in Sources */,
				DA1B08211AF6CFDB004E4588 /* RectangularCoords.swift in Sources */,
				DA1B0A0D1AFC3295004E4588 /* DeltaOrbitalElements.swift in Sources */,
				DA1B0A191AFC3C78004E4588 /* DateOrbitalElements.swift in Sources */,
				DA1B08411AF703F9004E4588 /* JulianDateTests.swift in Sources */,
				DA1B0A131AFC38FC004E4588 /* J2000CenturyElements.swift in Sources */,
				DA1B08271AF6D7E2004E4588 /* UtilitiesTests.swift in Sources */,
				DA1B081E1AF6CE92004E4588 /* SphericalCoordsTests.swift in Sources */,
				DA1B08241AF6D337004E4588 /* math_utilities.swift in Sources */,
				DA1B08341AF6F18A004E4588 /* OrbitalElements.swift in Sources */,
				DA1B081C1AF6CB99004E4588 /* SphericalCoords.swift in Sources */,
			);
			runOnlyForDeploymentPostprocessing = 0;
		};
/* End PBXSourcesBuildPhase section */

/* Begin PBXTargetDependency section */
		DA1B080B1AF6CAF2004E4588 /* PBXTargetDependency */ = {
			isa = PBXTargetDependency;
			target = DA1B07F81AF6CAF2004E4588 /* MacAstro */;
			targetProxy = DA1B080A1AF6CAF2004E4588 /* PBXContainerItemProxy */;
		};
/* End PBXTargetDependency section */

/* Begin PBXVariantGroup section */
		DA1B08021AF6CAF2004E4588 /* MainMenu.xib */ = {
			isa = PBXVariantGroup;
			children = (
				DA1B08031AF6CAF2004E4588 /* Base */,
			);
			name = MainMenu.xib;
			sourceTree = "<group>";
		};
/* End PBXVariantGroup section */

/* Begin XCBuildConfiguration section */
		DA1B08111AF6CAF2004E4588 /* Debug */ = {
			isa = XCBuildConfiguration;
			buildSettings = {
				ALWAYS_SEARCH_USER_PATHS = NO;
				CLANG_CXX_LANGUAGE_STANDARD = "gnu++0x";
				CLANG_CXX_LIBRARY = "libc++";
				CLANG_ENABLE_MODULES = YES;
				CLANG_ENABLE_OBJC_ARC = YES;
				CLANG_WARN_BOOL_CONVERSION = YES;
				CLANG_WARN_CONSTANT_CONVERSION = YES;
				CLANG_WARN_DIRECT_OBJC_ISA_USAGE = YES_ERROR;
				CLANG_WARN_EMPTY_BODY = YES;
				CLANG_WARN_ENUM_CONVERSION = YES;
				CLANG_WARN_INT_CONVERSION = YES;
				CLANG_WARN_OBJC_ROOT_CLASS = YES_ERROR;
				CLANG_WARN_UNREACHABLE_CODE = YES;
				CLANG_WARN__DUPLICATE_METHOD_MATCH = YES;
				CODE_SIGN_IDENTITY = "-";
				COPY_PHASE_STRIP = NO;
				DEBUG_INFORMATION_FORMAT = dwarf;
				ENABLE_STRICT_OBJC_MSGSEND = YES;
				GCC_C_LANGUAGE_STANDARD = gnu99;
				GCC_DYNAMIC_NO_PIC = NO;
				GCC_NO_COMMON_BLOCKS = YES;
				GCC_OPTIMIZATION_LEVEL = 0;
				GCC_PREPROCESSOR_DEFINITIONS = (
					"DEBUG=1",
					"$(inherited)",
				);
				GCC_SYMBOLS_PRIVATE_EXTERN = NO;
				GCC_WARN_64_TO_32_BIT_CONVERSION = YES;
				GCC_WARN_ABOUT_RETURN_TYPE = YES_ERROR;
				GCC_WARN_UNDECLARED_SELECTOR = YES;
				GCC_WARN_UNINITIALIZED_AUTOS = YES_AGGRESSIVE;
				GCC_WARN_UNUSED_FUNCTION = YES;
				GCC_WARN_UNUSED_VARIABLE = YES;
				MACOSX_DEPLOYMENT_TARGET = 10.10;
				MTL_ENABLE_DEBUG_INFO = YES;
				ONLY_ACTIVE_ARCH = YES;
				SDKROOT = macosx;
				SWIFT_OPTIMIZATION_LEVEL = "-Onone";
			};
			name = Debug;
		};
		DA1B08121AF6CAF2004E4588 /* Release */ = {
			isa = XCBuildConfiguration;
			buildSettings = {
				ALWAYS_SEARCH_USER_PATHS = NO;
				CLANG_CXX_LANGUAGE_STANDARD = "gnu++0x";
				CLANG_CXX_LIBRARY = "libc++";
				CLANG_ENABLE_MODULES = YES;
				CLANG_ENABLE_OBJC_ARC = YES;
				CLANG_WARN_BOOL_CONVERSION = YES;
				CLANG_WARN_CONSTANT_CONVERSION = YES;
				CLANG_WARN_DIRECT_OBJC_ISA_USAGE = YES_ERROR;
				CLANG_WARN_EMPTY_BODY = YES;
				CLANG_WARN_ENUM_CONVERSION = YES;
				CLANG_WARN_INT_CONVERSION = YES;
				CLANG_WARN_OBJC_ROOT_CLASS = YES_ERROR;
				CLANG_WARN_UNREACHABLE_CODE = YES;
				CLANG_WARN__DUPLICATE_METHOD_MATCH = YES;
				CODE_SIGN_IDENTITY = "-";
				COPY_PHASE_STRIP = NO;
				DEBUG_INFORMATION_FORMAT = "dwarf-with-dsym";
				ENABLE_NS_ASSERTIONS = NO;
				ENABLE_STRICT_OBJC_MSGSEND = YES;
				GCC_C_LANGUAGE_STANDARD = gnu99;
				GCC_NO_COMMON_BLOCKS = YES;
				GCC_WARN_64_TO_32_BIT_CONVERSION = YES;
				GCC_WARN_ABOUT_RETURN_TYPE = YES_ERROR;
				GCC_WARN_UNDECLARED_SELECTOR = YES;
				GCC_WARN_UNINITIALIZED_AUTOS = YES_AGGRESSIVE;
				GCC_WARN_UNUSED_FUNCTION = YES;
				GCC_WARN_UNUSED_VARIABLE = YES;
				MACOSX_DEPLOYMENT_TARGET = 10.10;
				MTL_ENABLE_DEBUG_INFO = NO;
				SDKROOT = macosx;
			};
			name = Release;
		};
		DA1B08141AF6CAF2004E4588 /* Debug */ = {
			isa = XCBuildConfiguration;
			buildSettings = {
				ASSETCATALOG_COMPILER_APPICON_NAME = AppIcon;
				COMBINE_HIDPI_IMAGES = YES;
				INFOPLIST_FILE = MacAstro/Info.plist;
				LD_RUNPATH_SEARCH_PATHS = "$(inherited) @executable_path/../Frameworks";
				PRODUCT_NAME = "$(TARGET_NAME)";
			};
			name = Debug;
		};
		DA1B08151AF6CAF2004E4588 /* Release */ = {
			isa = XCBuildConfiguration;
			buildSettings = {
				ASSETCATALOG_COMPILER_APPICON_NAME = AppIcon;
				COMBINE_HIDPI_IMAGES = YES;
				INFOPLIST_FILE = MacAstro/Info.plist;
				LD_RUNPATH_SEARCH_PATHS = "$(inherited) @executable_path/../Frameworks";
				PRODUCT_NAME = "$(TARGET_NAME)";
			};
			name = Release;
		};
		DA1B08171AF6CAF2004E4588 /* Debug */ = {
			isa = XCBuildConfiguration;
			buildSettings = {
				BUNDLE_LOADER = "$(TEST_HOST)";
				COMBINE_HIDPI_IMAGES = YES;
				FRAMEWORK_SEARCH_PATHS = (
					"$(DEVELOPER_FRAMEWORKS_DIR)",
					"$(inherited)",
				);
				GCC_PREPROCESSOR_DEFINITIONS = (
					"DEBUG=1",
					"$(inherited)",
				);
				INFOPLIST_FILE = MacAstroTests/Info.plist;
				LD_RUNPATH_SEARCH_PATHS = "$(inherited) @executable_path/../Frameworks @loader_path/../Frameworks";
				PRODUCT_NAME = "$(TARGET_NAME)";
				TEST_HOST = "$(BUILT_PRODUCTS_DIR)/MacAstro.app/Contents/MacOS/MacAstro";
			};
			name = Debug;
		};
		DA1B08181AF6CAF2004E4588 /* Release */ = {
			isa = XCBuildConfiguration;
			buildSettings = {
				BUNDLE_LOADER = "$(TEST_HOST)";
				COMBINE_HIDPI_IMAGES = YES;
				FRAMEWORK_SEARCH_PATHS = (
					"$(DEVELOPER_FRAMEWORKS_DIR)",
					"$(inherited)",
				);
				INFOPLIST_FILE = MacAstroTests/Info.plist;
				LD_RUNPATH_SEARCH_PATHS = "$(inherited) @executable_path/../Frameworks @loader_path/../Frameworks";
				PRODUCT_NAME = "$(TARGET_NAME)";
				TEST_HOST = "$(BUILT_PRODUCTS_DIR)/MacAstro.app/Contents/MacOS/MacAstro";
			};
			name = Release;
		};
/* End XCBuildConfiguration section */

/* Begin XCConfigurationList section */
		DA1B07F41AF6CAF2004E4588 /* Build configuration list for PBXProject "MacAstro" */ = {
			isa = XCConfigurationList;
			buildConfigurations = (
				DA1B08111AF6CAF2004E4588 /* Debug */,
				DA1B08121AF6CAF2004E4588 /* Release */,
			);
			defaultConfigurationIsVisible = 0;
			defaultConfigurationName = Release;
		};
		DA1B08131AF6CAF2004E4588 /* Build configuration list for PBXNativeTarget "MacAstro" */ = {
			isa = XCConfigurationList;
			buildConfigurations = (
				DA1B08141AF6CAF2004E4588 /* Debug */,
				DA1B08151AF6CAF2004E4588 /* Release */,
			);
			defaultConfigurationIsVisible = 0;
			defaultConfigurationName = Release;
		};
		DA1B08161AF6CAF2004E4588 /* Build configuration list for PBXNativeTarget "MacAstroTests" */ = {
			isa = XCConfigurationList;
			buildConfigurations = (
				DA1B08171AF6CAF2004E4588 /* Debug */,
				DA1B08181AF6CAF2004E4588 /* Release */,
			);
			defaultConfigurationIsVisible = 0;
			defaultConfigurationName = Release;
		};
/* End XCConfigurationList section */
	};
	rootObject = DA1B07F11AF6CAF2004E4588 /* Project object */;
}
